// !$*UTF8*$!
{
	archiveVersion = 1;
	classes = {
	};
	objectVersion = 48;
	objects = {

/* Begin PBXBuildFile section */
		F5A3DAC12062FBC4009FAD8C /* CellView.swift in Sources */ = {isa = PBXBuildFile; fileRef = F5A3DAC02062FBC4009FAD8C /* CellView.swift */; };
		F5A3DAC520631528009FAD8C /* DataStorage.swift in Sources */ = {isa = PBXBuildFile; fileRef = F5A3DAC420631528009FAD8C /* DataStorage.swift */; };
		F5A3DAC7206317D9009FAD8C /* ViewControllerModel.swift in Sources */ = {isa = PBXBuildFile; fileRef = F5A3DAC6206317D9009FAD8C /* ViewControllerModel.swift */; };
		F5A3DACB2063246D009FAD8C /* DataModel.swift in Sources */ = {isa = PBXBuildFile; fileRef = F5A3DACA2063246D009FAD8C /* DataModel.swift */; };
		F5C898EB2063345400B0DEA8 /* ImageDownloader.m in Sources */ = {isa = PBXBuildFile; fileRef = F5C898EA2063345400B0DEA8 /* ImageDownloader.m */; };
		F5CACCE32062F54F00B8E213 /* AppDelegate.swift in Sources */ = {isa = PBXBuildFile; fileRef = F5CACCE22062F54F00B8E213 /* AppDelegate.swift */; };
		F5CACCE52062F54F00B8E213 /* ViewController.swift in Sources */ = {isa = PBXBuildFile; fileRef = F5CACCE42062F54F00B8E213 /* ViewController.swift */; };
		F5CACCE82062F54F00B8E213 /* Main.storyboard in Resources */ = {isa = PBXBuildFile; fileRef = F5CACCE62062F54F00B8E213 /* Main.storyboard */; };
		F5CACCEA2062F54F00B8E213 /* Assets.xcassets in Resources */ = {isa = PBXBuildFile; fileRef = F5CACCE92062F54F00B8E213 /* Assets.xcassets */; };
		F5CACCED2062F54F00B8E213 /* LaunchScreen.storyboard in Resources */ = {isa = PBXBuildFile; fileRef = F5CACCEB2062F54F00B8E213 /* LaunchScreen.storyboard */; };
/* End PBXBuildFile section */

/* Begin PBXFileReference section */
		F5A3DAC02062FBC4009FAD8C /* CellView.swift */ = {isa = PBXFileReference; lastKnownFileType = sourcecode.swift; path = CellView.swift; sourceTree = "<group>"; };
		F5A3DAC420631528009FAD8C /* DataStorage.swift */ = {isa = PBXFileReference; lastKnownFileType = sourcecode.swift; path = DataStorage.swift; sourceTree = "<group>"; };
		F5A3DAC6206317D9009FAD8C /* ViewControllerModel.swift */ = {isa = PBXFileReference; lastKnownFileType = sourcecode.swift; path = ViewControllerModel.swift; sourceTree = "<group>"; };
		F5A3DACA2063246D009FAD8C /* DataModel.swift */ = {isa = PBXFileReference; lastKnownFileType = sourcecode.swift; path = DataModel.swift; sourceTree = "<group>"; };
		F5C898E82063345400B0DEA8 /* yandex_images_test-Bridging-Header.h */ = {isa = PBXFileReference; lastKnownFileType = sourcecode.c.h; path = "yandex_images_test-Bridging-Header.h"; sourceTree = "<group>"; };
		F5C898E92063345400B0DEA8 /* ImageDownloader.h */ = {isa = PBXFileReference; lastKnownFileType = sourcecode.c.h; path = ImageDownloader.h; sourceTree = "<group>"; };
		F5C898EA2063345400B0DEA8 /* ImageDownloader.m */ = {isa = PBXFileReference; lastKnownFileType = sourcecode.c.objc; path = ImageDownloader.m; sourceTree = "<group>"; };
		F5CACCDF2062F54F00B8E213 /* yandex_images_test.app */ = {isa = PBXFileReference; explicitFileType = wrapper.application; includeInIndex = 0; path = yandex_images_test.app; sourceTree = BUILT_PRODUCTS_DIR; };
		F5CACCE22062F54F00B8E213 /* AppDelegate.swift */ = {isa = PBXFileReference; lastKnownFileType = sourcecode.swift; path = AppDelegate.swift; sourceTree = "<group>"; };
		F5CACCE42062F54F00B8E213 /* ViewController.swift */ = {isa = PBXFileReference; lastKnownFileType = sourcecode.swift; path = ViewController.swift; sourceTree = "<group>"; };
		F5CACCE72062F54F00B8E213 /* Base */ = {isa = PBXFileReference; lastKnownFileType = file.storyboard; name = Base; path = Base.lproj/Main.storyboard; sourceTree = "<group>"; };
		F5CACCE92062F54F00B8E213 /* Assets.xcassets */ = {isa = PBXFileReference; lastKnownFileType = folder.assetcatalog; path = Assets.xcassets; sourceTree = "<group>"; };
		F5CACCEC2062F54F00B8E213 /* Base */ = {isa = PBXFileReference; lastKnownFileType = file.storyboard; name = Base; path = Base.lproj/LaunchScreen.storyboard; sourceTree = "<group>"; };
		F5CACCEE2062F54F00B8E213 /* Info.plist */ = {isa = PBXFileReference; lastKnownFileType = text.plist.xml; path = Info.plist; sourceTree = "<group>"; };
/* End PBXFileReference section */

/* Begin PBXFrameworksBuildPhase section */
		F5CACCDC2062F54F00B8E213 /* Frameworks */ = {
			isa = PBXFrameworksBuildPhase;
			buildActionMask = 2147483647;
			files = (
			);
			runOnlyForDeploymentPostprocessing = 0;
		};
/* End PBXFrameworksBuildPhase section */

/* Begin PBXGroup section */
		F5C898F020644FAC00B0DEA8 /* Views */ = {
			isa = PBXGroup;
			children = (
				F5A3DAC02062FBC4009FAD8C /* CellView.swift */,
			);
			path = Views;
			sourceTree = "<group>";
		};
		F5C898F120644FBF00B0DEA8 /* ViewControllers */ = {
			isa = PBXGroup;
			children = (
				F5CACCE42062F54F00B8E213 /* ViewController.swift */,
				F5A3DAC6206317D9009FAD8C /* ViewControllerModel.swift */,
			);
			path = ViewControllers;
			sourceTree = "<group>";
		};
		F5C898F220644FF300B0DEA8 /* Models */ = {
			isa = PBXGroup;
			children = (
				F5A3DACA2063246D009FAD8C /* DataModel.swift */,
				F5A3DAC420631528009FAD8C /* DataStorage.swift */,
			);
			path = Models;
			sourceTree = "<group>";
		};
		F5CACCD62062F54E00B8E213 = {
			isa = PBXGroup;
			children = (
				F5CACCE12062F54F00B8E213 /* yandex_images_test */,
				F5CACCE02062F54F00B8E213 /* Products */,
			);
			sourceTree = "<group>";
		};
		F5CACCE02062F54F00B8E213 /* Products */ = {
			isa = PBXGroup;
			children = (
				F5CACCDF2062F54F00B8E213 /* yandex_images_test.app */,
			);
			name = Products;
			sourceTree = "<group>";
		};
		F5CACCE12062F54F00B8E213 /* yandex_images_test */ = {
			isa = PBXGroup;
			children = (
				F5C898F020644FAC00B0DEA8 /* Views */,
				F5C898F120644FBF00B0DEA8 /* ViewControllers */,
				F5C898F220644FF300B0DEA8 /* Models */,
				F5CACCE22062F54F00B8E213 /* AppDelegate.swift */,
				F5CACCE62062F54F00B8E213 /* Main.storyboard */,
				F5CACCE92062F54F00B8E213 /* Assets.xcassets */,
				F5CACCEB2062F54F00B8E213 /* LaunchScreen.storyboard */,
				F5CACCEE2062F54F00B8E213 /* Info.plist */,
				F5C898E92063345400B0DEA8 /* ImageDownloader.h */,
				F5C898EA2063345400B0DEA8 /* ImageDownloader.m */,
				F5C898E82063345400B0DEA8 /* yandex_images_test-Bridging-Header.h */,
			);
			path = yandex_images_test;
			sourceTree = "<group>";
		};
/* End PBXGroup section */

/* Begin PBXNativeTarget section */
		F5CACCDE2062F54F00B8E213 /* yandex_images_test */ = {
			isa = PBXNativeTarget;
			buildConfigurationList = F5CACCF12062F54F00B8E213 /* Build configuration list for PBXNativeTarget "yandex_images_test" */;
			buildPhases = (
				F5CACCDB2062F54F00B8E213 /* Sources */,
				F5CACCDC2062F54F00B8E213 /* Frameworks */,
				F5CACCDD2062F54F00B8E213 /* Resources */,
			);
			buildRules = (
			);
			dependencies = (
			);
			name = yandex_images_test;
			productName = yandex_images_test;
			productReference = F5CACCDF2062F54F00B8E213 /* yandex_images_test.app */;
			productType = "com.apple.product-type.application";
		};
/* End PBXNativeTarget section */

/* Begin PBXProject section */
		F5CACCD72062F54E00B8E213 /* Project object */ = {
			isa = PBXProject;
			attributes = {
				LastSwiftUpdateCheck = 0920;
				LastUpgradeCheck = 0920;
				ORGANIZATIONNAME = yangand;
				TargetAttributes = {
					F5CACCDE2062F54F00B8E213 = {
						CreatedOnToolsVersion = 9.2;
						LastSwiftMigration = 0920;
						ProvisioningStyle = Automatic;
					};
				};
			};
			buildConfigurationList = F5CACCDA2062F54E00B8E213 /* Build configuration list for PBXProject "yandex_images_test" */;
			compatibilityVersion = "Xcode 8.0";
			developmentRegion = en;
			hasScannedForEncodings = 0;
			knownRegions = (
				en,
				Base,
			);
			mainGroup = F5CACCD62062F54E00B8E213;
			productRefGroup = F5CACCE02062F54F00B8E213 /* Products */;
			projectDirPath = "";
			projectRoot = "";
			targets = (
				F5CACCDE2062F54F00B8E213 /* yandex_images_test */,
			);
		};
/* End PBXProject section */

/* Begin PBXResourcesBuildPhase section */
		F5CACCDD2062F54F00B8E213 /* Resources */ = {
			isa = PBXResourcesBuildPhase;
			buildActionMask = 2147483647;
			files = (
				F5CACCED2062F54F00B8E213 /* LaunchScreen.storyboard in Resources */,
				F5CACCEA2062F54F00B8E213 /* Assets.xcassets in Resources */,
				F5CACCE82062F54F00B8E213 /* Main.storyboard in Resources */,
			);
			runOnlyForDeploymentPostprocessing = 0;
		};
/* End PBXResourcesBuildPhase section */

/* Begin PBXSourcesBuildPhase section */
		F5CACCDB2062F54F00B8E213 /* Sources */ = {
			isa = PBXSourcesBuildPhase;
			buildActionMask = 2147483647;
			files = (
				F5CACCE52062F54F00B8E213 /* ViewController.swift in Sources */,
				F5CACCE32062F54F00B8E213 /* AppDelegate.swift in Sources */,
				F5A3DAC12062FBC4009FAD8C /* CellView.swift in Sources */,
				F5A3DAC7206317D9009FAD8C /* ViewControllerModel.swift in Sources */,
				F5A3DACB2063246D009FAD8C /* DataModel.swift in Sources */,
				F5C898EB2063345400B0DEA8 /* ImageDownloader.m in Sources */,
				F5A3DAC520631528009FAD8C /* DataStorage.swift in Sources */,
			);
			runOnlyForDeploymentPostprocessing = 0;
		};
/* End PBXSourcesBuildPhase section */

/* Begin PBXVariantGroup section */
		F5CACCE62062F54F00B8E213 /* Main.storyboard */ = {
			isa = PBXVariantGroup;
			children = (
				F5CACCE72062F54F00B8E213 /* Base */,
			);
			name = Main.storyboard;
			sourceTree = "<group>";
		};
		F5CACCEB2062F54F00B8E213 /* LaunchScreen.storyboard */ = {
			isa = PBXVariantGroup;
			children = (
				F5CACCEC2062F54F00B8E213 /* Base */,
			);
			name = LaunchScreen.storyboard;
			sourceTree = "<group>";
		};
/* End PBXVariantGroup section */

/* Begin XCBuildConfiguration section */
		F5CACCEF2062F54F00B8E213 /* Debug */ = {
			isa = XCBuildConfiguration;
			buildSettings = {
				ALWAYS_EMBED_SWIFT_STANDARD_LIBRARIES = YES;
				ALWAYS_SEARCH_USER_PATHS = NO;
				CLANG_ANALYZER_NONNULL = YES;
				CLANG_ANALYZER_NUMBER_OBJECT_CONVERSION = YES_AGGRESSIVE;
				CLANG_CXX_LANGUAGE_STANDARD = "gnu++14";
				CLANG_CXX_LIBRARY = "libc++";
				CLANG_ENABLE_MODULES = YES;
				CLANG_ENABLE_OBJC_ARC = YES;
				CLANG_WARN_BLOCK_CAPTURE_AUTORELEASING = YES;
				CLANG_WARN_BOOL_CONVERSION = YES;
				CLANG_WARN_COMMA = YES;
				CLANG_WARN_CONSTANT_CONVERSION = YES;
				CLANG_WARN_DIRECT_OBJC_ISA_USAGE = YES_ERROR;
				CLANG_WARN_DOCUMENTATION_COMMENTS = YES;
				CLANG_WARN_EMPTY_BODY = YES;
				CLANG_WARN_ENUM_CONVERSION = YES;
				CLANG_WARN_INFINITE_RECURSION = YES;
				CLANG_WARN_INT_CONVERSION = YES;
				CLANG_WARN_NON_LITERAL_NULL_CONVERSION = YES;
				CLANG_WARN_OBJC_LITERAL_CONVERSION = YES;
				CLANG_WARN_OBJC_ROOT_CLASS = YES_ERROR;
				CLANG_WARN_RANGE_LOOP_ANALYSIS = YES;
				CLANG_WARN_STRICT_PROTOTYPES = YES;
				CLANG_WARN_SUSPICIOUS_MOVE = YES;
				CLANG_WARN_UNGUARDED_AVAILABILITY = YES_AGGRESSIVE;
				CLANG_WARN_UNREACHABLE_CODE = YES;
				CLANG_WARN__DUPLICATE_METHOD_MATCH = YES;
				CODE_SIGN_IDENTITY = "iPhone Developer";
				COPY_PHASE_STRIP = NO;
				DEBUG_INFORMATION_FORMAT = dwarf;
				DEFINES_MODULE = YES;
				ENABLE_STRICT_OBJC_MSGSEND = YES;
				ENABLE_TESTABILITY = YES;
				GCC_C_LANGUAGE_STANDARD = gnu11;
				GCC_DYNAMIC_NO_PIC = NO;
				GCC_NO_COMMON_BLOCKS = YES;
				GCC_OPTIMIZATION_LEVEL = 0;
				GCC_PREPROCESSOR_DEFINITIONS = (
					"DEBUG=1",
					"$(inherited)",
				);
				GCC_WARN_64_TO_32_BIT_CONVERSION = YES;
				GCC_WARN_ABOUT_RETURN_TYPE = YES_ERROR;
				GCC_WARN_UNDECLARED_SELECTOR = YES;
				GCC_WARN_UNINITIALIZED_AUTOS = YES_AGGRESSIVE;
				GCC_WARN_UNUSED_FUNCTION = YES;
				GCC_WARN_UNUSED_VARIABLE = YES;
				IPHONEOS_DEPLOYMENT_TARGET = 9.3;
				MTL_ENABLE_DEBUG_INFO = YES;
				ONLY_ACTIVE_ARCH = YES;
				SDKROOT = iphoneos;
				SWIFT_ACTIVE_COMPILATION_CONDITIONS = DEBUG;
				SWIFT_OPTIMIZATION_LEVEL = "-Onone";
			};
			name = Debug;
		};
		F5CACCF02062F54F00B8E213 /* Release */ = {
			isa = XCBuildConfiguration;
			buildSettings = {
				ALWAYS_EMBED_SWIFT_STANDARD_LIBRARIES = YES;
				ALWAYS_SEARCH_USER_PATHS = NO;
				CLANG_ANALYZER_NONNULL = YES;
				CLANG_ANALYZER_NUMBER_OBJECT_CONVERSION = YES_AGGRESSIVE;
				CLANG_CXX_LANGUAGE_STANDARD = "gnu++14";
				CLANG_CXX_LIBRARY = "libc++";
				CLANG_ENABLE_MODULES = YES;
				CLANG_ENABLE_OBJC_ARC = YES;
				CLANG_WARN_BLOCK_CAPTURE_AUTORELEASING = YES;
				CLANG_WARN_BOOL_CONVERSION = YES;
				CLANG_WARN_COMMA = YES;
				CLANG_WARN_CONSTANT_CONVERSION = YES;
				CLANG_WARN_DIRECT_OBJC_ISA_USAGE = YES_ERROR;
				CLANG_WARN_DOCUMENTATION_COMMENTS = YES;
				CLANG_WARN_EMPTY_BODY = YES;
				CLANG_WARN_ENUM_CONVERSION = YES;
				CLANG_WARN_INFINITE_RECURSION = YES;
				CLANG_WARN_INT_CONVERSION = YES;
				CLANG_WARN_NON_LITERAL_NULL_CONVERSION = YES;
				CLANG_WARN_OBJC_LITERAL_CONVERSION = YES;
				CLANG_WARN_OBJC_ROOT_CLASS = YES_ERROR;
				CLANG_WARN_RANGE_LOOP_ANALYSIS = YES;
				CLANG_WARN_STRICT_PROTOTYPES = YES;
				CLANG_WARN_SUSPICIOUS_MOVE = YES;
				CLANG_WARN_UNGUARDED_AVAILABILITY = YES_AGGRESSIVE;
				CLANG_WARN_UNREACHABLE_CODE = YES;
				CLANG_WARN__DUPLICATE_METHOD_MATCH = YES;
				CODE_SIGN_IDENTITY = "iPhone Developer";
				COPY_PHASE_STRIP = NO;
				DEBUG_INFORMATION_FORMAT = "dwarf-with-dsym";
				DEFINES_MODULE = YES;
				ENABLE_NS_ASSERTIONS = NO;
				ENABLE_STRICT_OBJC_MSGSEND = YES;
				GCC_C_LANGUAGE_STANDARD = gnu11;
				GCC_NO_COMMON_BLOCKS = YES;
				GCC_WARN_64_TO_32_BIT_CONVERSION = YES;
				GCC_WARN_ABOUT_RETURN_TYPE = YES_ERROR;
				GCC_WARN_UNDECLARED_SELECTOR = YES;
				GCC_WARN_UNINITIALIZED_AUTOS = YES_AGGRESSIVE;
				GCC_WARN_UNUSED_FUNCTION = YES;
				GCC_WARN_UNUSED_VARIABLE = YES;
				IPHONEOS_DEPLOYMENT_TARGET = 9.3;
				MTL_ENABLE_DEBUG_INFO = NO;
				SDKROOT = iphoneos;
				SWIFT_OPTIMIZATION_LEVEL = "-Owholemodule";
				VALIDATE_PRODUCT = YES;
			};
			name = Release;
		};
		F5CACCF22062F54F00B8E213 /* Debug */ = {
			isa = XCBuildConfiguration;
			buildSettings = {
				ALWAYS_EMBED_SWIFT_STANDARD_LIBRARIES = YES;
				ASSETCATALOG_COMPILER_APPICON_NAME = AppIcon;
				CLANG_ENABLE_MODULES = YES;
				CODE_SIGN_STYLE = Automatic;
				DEVELOPMENT_TEAM = 6Y4L3S6MKX;
				INFOPLIST_FILE = yandex_images_test/Info.plist;
				LD_RUNPATH_SEARCH_PATHS = "$(inherited) @executable_path/Frameworks";
				PRODUCT_BUNDLE_IDENTIFIER = "yangand.yandex-images-test";
				PRODUCT_NAME = "$(TARGET_NAME)";
				SWIFT_OBJC_BRIDGING_HEADER = "yandex_images_test/yandex_images_test-Bridging-Header.h";
				SWIFT_OPTIMIZATION_LEVEL = "-Onone";
				SWIFT_VERSION = 4.0;
				TARGETED_DEVICE_FAMILY = 1;
			};
			name = Debug;
		};
		F5CACCF32062F54F00B8E213 /* Release */ = {
			isa = XCBuildConfiguration;
			buildSettings = {
				ALWAYS_EMBED_SWIFT_STANDARD_LIBRARIES = YES;
				ASSETCATALOG_COMPILER_APPICON_NAME = AppIcon;
				CLANG_ENABLE_MODULES = YES;
				CODE_SIGN_STYLE = Automatic;
				DEVELOPMENT_TEAM = 6Y4L3S6MKX;
				INFOPLIST_FILE = yandex_images_test/Info.plist;
				LD_RUNPATH_SEARCH_PATHS = "$(inherited) @executable_path/Frameworks";
				PRODUCT_BUNDLE_IDENTIFIER = "yangand.yandex-images-test";
				PRODUCT_NAME = "$(TARGET_NAME)";
				SWIFT_OBJC_BRIDGING_HEADER = "yandex_images_test/yandex_images_test-Bridging-Header.h";
				SWIFT_VERSION = 4.0;
				TARGETED_DEVICE_FAMILY = 1;
			};
			name = Release;
		};
/* End XCBuildConfiguration section */

/* Begin XCConfigurationList section */
		F5CACCDA2062F54E00B8E213 /* Build configuration list for PBXProject "yandex_images_test" */ = {
			isa = XCConfigurationList;
			buildConfigurations = (
				F5CACCEF2062F54F00B8E213 /* Debug */,
				F5CACCF02062F54F00B8E213 /* Release */,
			);
			defaultConfigurationIsVisible = 0;
			defaultConfigurationName = Release;
		};
		F5CACCF12062F54F00B8E213 /* Build configuration list for PBXNativeTarget "yandex_images_test" */ = {
			isa = XCConfigurationList;
			buildConfigurations = (
				F5CACCF22062F54F00B8E213 /* Debug */,
				F5CACCF32062F54F00B8E213 /* Release */,
			);
			defaultConfigurationIsVisible = 0;
			defaultConfigurationName = Release;
		};
/* End XCConfigurationList section */
	};
	rootObject = F5CACCD72062F54E00B8E213 /* Project object */;
}
